
Microsoft Visual Studio Solution File, Format Version 12.00
# Visual Studio Version 16
VisualStudioVersion = 16.0.31410.357
MinimumVisualStudioVersion = 10.0.40219.1
Project("{9A19103F-16F7-4668-BE54-9A1E7A4F7556}") = "API Anjular", "API Anjular\API Anjular.csproj", "{E0954EF9-1831-4C2D-AF5D-20AA36CDBBED}"
EndProject
Project("{FAE04EC0-301F-11D3-BF4B-00C04F79EFBC}") = "Core", "Core\Core.csproj", "{41818242-6ABF-4E2A-9E40-EEB72FF780EE}"
EndProject
Project("{FAE04EC0-301F-11D3-BF4B-00C04F79EFBC}") = "Infrastructure", "Infrastructure\Infrastructure.csproj", "{A5BC6D8C-2AA2-415B-8900-E2C62882DEBD}"
EndProject
Global
	GlobalSection(SolutionConfigurationPlatforms) = preSolution
		Debug|Any CPU = Debug|Any CPU
		Release|Any CPU = Release|Any CPU
	EndGlobalSection
	GlobalSection(ProjectConfigurationPlatforms) = postSolution
		{E0954EF9-1831-4C2D-AF5D-20AA36CDBBED}.Debug|Any CPU.ActiveCfg = Debug|Any CPU
		{E0954EF9-1831-4C2D-AF5D-20AA36CDBBED}.Debug|Any CPU.Build.0 = Debug|Any CPU
		{E0954EF9-1831-4C2D-AF5D-20AA36CDBBED}.Release|Any CPU.ActiveCfg = Release|Any CPU
		{E0954EF9-1831-4C2D-AF5D-20AA36CDBBED}.Release|Any CPU.Build.0 = Release|Any CPU
		{41818242-6ABF-4E2A-9E40-EEB72FF780EE}.Debug|Any CPU.ActiveCfg = Debug|Any CPU
		{41818242-6ABF-4E2A-9E40-EEB72FF780EE}.Debug|Any CPU.Build.0 = Debug|Any CPU
		{41818242-6ABF-4E2A-9E40-EEB72FF780EE}.Release|Any CPU.ActiveCfg = Release|Any CPU
		{41818242-6ABF-4E2A-9E40-EEB72FF780EE}.Release|Any CPU.Build.0 = Release|Any CPU
		{A5BC6D8C-2AA2-415B-8900-E2C62882DEBD}.Debug|Any CPU.ActiveCfg = Debug|Any CPU
		{A5BC6D8C-2AA2-415B-8900-E2C62882DEBD}.Debug|Any CPU.Build.0 = Debug|Any CPU
		{A5BC6D8C-2AA2-415B-8900-E2C62882DEBD}.Release|Any CPU.ActiveCfg = Release|Any CPU
		{A5BC6D8C-2AA2-415B-8900-E2C62882DEBD}.Release|Any CPU.Build.0 = Release|Any CPU
	EndGlobalSection
	GlobalSection(SolutionProperties) = preSolution
		HideSolutionNode = FALSE
	EndGlobalSection
	GlobalSection(ExtensibilityGlobals) = postSolution
		SolutionGuid = {D9DD9132-730F-4634-910F-590DD4C5CECC}
	EndGlobalSection
EndGlobal
